
Microsoft Visual Studio Solution File, Format Version 12.00
# Visual Studio 15
VisualStudioVersion = 15.0.28307.489
MinimumVisualStudioVersion = 10.0.40219.1
Project("{FAE04EC0-301F-11D3-BF4B-00C04F79EFBC}") = "Revolver_assignment_1", "Revolver_assignment_1\Revolver_assignment_1.csproj", "{208D1FAA-F3BB-4C7A-A799-71FD86EB0566}"
EndProject
Project("{FAE04EC0-301F-11D3-BF4B-00C04F79EFBC}") = "Revolver_assignment_1Tests", "Revolver_assignment_1Tests\Revolver_assignment_1Tests.csproj", "{AFB36B85-DD48-46B3-8C7A-7DFDDBBB1902}"
EndProject
Global
	GlobalSection(SolutionConfigurationPlatforms) = preSolution
		Debug|Any CPU = Debug|Any CPU
		Release|Any CPU = Release|Any CPU
	EndGlobalSection
	GlobalSection(ProjectConfigurationPlatforms) = postSolution
		{208D1FAA-F3BB-4C7A-A799-71FD86EB0566}.Debug|Any CPU.ActiveCfg = Debug|Any CPU
		{208D1FAA-F3BB-4C7A-A799-71FD86EB0566}.Debug|Any CPU.Build.0 = Debug|Any CPU
		{208D1FAA-F3BB-4C7A-A799-71FD86EB0566}.Release|Any CPU.ActiveCfg = Release|Any CPU
		{208D1FAA-F3BB-4C7A-A799-71FD86EB0566}.Release|Any CPU.Build.0 = Release|Any CPU
		{AFB36B85-DD48-46B3-8C7A-7DFDDBBB1902}.Debug|Any CPU.ActiveCfg = Debug|Any CPU
		{AFB36B85-DD48-46B3-8C7A-7DFDDBBB1902}.Debug|Any CPU.Build.0 = Debug|Any CPU
		{AFB36B85-DD48-46B3-8C7A-7DFDDBBB1902}.Release|Any CPU.ActiveCfg = Release|Any CPU
		{AFB36B85-DD48-46B3-8C7A-7DFDDBBB1902}.Release|Any CPU.Build.0 = Release|Any CPU
	EndGlobalSection
	GlobalSection(SolutionProperties) = preSolution
		HideSolutionNode = FALSE
	EndGlobalSection
	GlobalSection(ExtensibilityGlobals) = postSolution
		SolutionGuid = {CB3D3C12-6A60-4618-9A9F-87288AA41635}
	EndGlobalSection
EndGlobal
